<Solution>
  <Project Path="ComicDownloaderGMTPC.Android/ComicDownloaderGMTPC.Android.csproj">
    <Deploy />
  </Project>
  <Project Path="ComicDownloaderGMTPC.Desktop/ComicDownloaderGMTPC.Desktop.csproj" />
  <Project Path="ComicDownloaderGMTPC/ComicDownloaderGMTPC.csproj" />
  <Project Path="ComicDownloaderGMTPC.iOS/ComicDownloaderGMTPC.iOS.csproj">
    <Deploy />
  </Project>
</Solution>
